
Microsoft Visual Studio Solution File, Format Version 12.00
# Visual Studio Version 16
VisualStudioVersion = 16.0.32106.194
MinimumVisualStudioVersion = 10.0.40219.1
Project("{FAE04EC0-301F-11D3-BF4B-00C04F79EFBC}") = "LR1", "LR1\LR1.csproj", "{9B4FD9C2-5ACE-4DB4-A71C-EB7234DE18EF}"
EndProject
Global
	GlobalSection(SolutionConfigurationPlatforms) = preSolution
		Debug|Any CPU = Debug|Any CPU
		Release|Any CPU = Release|Any CPU
	EndGlobalSection
	GlobalSection(ProjectConfigurationPlatforms) = postSolution
		{9B4FD9C2-5ACE-4DB4-A71C-EB7234DE18EF}.Debug|Any CPU.ActiveCfg = Debug|Any CPU
		{9B4FD9C2-5ACE-4DB4-A71C-EB7234DE18EF}.Debug|Any CPU.Build.0 = Debug|Any CPU
		{9B4FD9C2-5ACE-4DB4-A71C-EB7234DE18EF}.Release|Any CPU.ActiveCfg = Release|Any CPU
		{9B4FD9C2-5ACE-4DB4-A71C-EB7234DE18EF}.Release|Any CPU.Build.0 = Release|Any CPU
	EndGlobalSection
	GlobalSection(SolutionProperties) = preSolution
		HideSolutionNode = FALSE
	EndGlobalSection
	GlobalSection(ExtensibilityGlobals) = postSolution
		SolutionGuid = {B69AFCC5-73E3-4B06-80C3-5BFE727618F8}
	EndGlobalSection
EndGlobal
